{
  "schemaVersion": 1,
  "profile": "steam-starter-local",
  "resolvedOn": "2026-07-18",
  "tools": {
    "cmake": "4.3.0",
    "ninja": "1.13.2",
    "node": "22.14.0",
    "pnpm": "11.7.0",
    "typescript": "5.9.3",
    "nodeTypes": "22.15.3",
    "cppStandard": "20",
    "lua": "5.4.8",
    "emscripten": "6.0.3",
    "three": "0.185.1",
    "vite": "8.1.5",
    "electron": "43.1.1",
    "electronPackager": "20.0.3",
    "steamworksJs": "0.4.0"
  },
  "pending": []
}
